
Microsoft Visual Studio Solution File, Format Version 12.00
# Visual Studio Version 16
VisualStudioVersion = 16.0.31829.152
MinimumVisualStudioVersion = 10.0.40219.1
Project("{FAE04EC0-301F-11D3-BF4B-00C04F79EFBC}") = "Methods - Lab", "Methods - Lab\Methods - Lab.csproj", "{C29BE72F-9D22-4A50-8D0B-910DEE259F38}"
EndProject
Project("{FAE04EC0-301F-11D3-BF4B-00C04F79EFBC}") = "01. Sign of Integer Numbers", "01. Sign of Integer Numbers\01. Sign of Integer Numbers.csproj", "{F788C9AB-AB40-47FD-A373-20F95C622390}"
EndProject
Project("{FAE04EC0-301F-11D3-BF4B-00C04F79EFBC}") = "02. Grades", "02. Grades\02. Grades.csproj", "{C95E27F0-FE30-4C60-AAE5-AF2D188A323F}"
EndProject
Project("{FAE04EC0-301F-11D3-BF4B-00C04F79EFBC}") = "03. Calculations", "03. Calculations\03. Calculations.csproj", "{7F6B472A-4942-4592-BF36-56CCD2B08261}"
EndProject
Project("{FAE04EC0-301F-11D3-BF4B-00C04F79EFBC}") = "04. Printing Triangle", "04. Printing Triangle\04. Printing Triangle.csproj", "{7EA528D2-A976-4873-B719-D0EF6D7AD63A}"
EndProject
Project("{FAE04EC0-301F-11D3-BF4B-00C04F79EFBC}") = "05. Orders", "05. Orders\05. Orders.csproj", "{5D601847-E8AE-480B-ACF9-C5349B2C0078}"
EndProject
Project("{FAE04EC0-301F-11D3-BF4B-00C04F79EFBC}") = "06. Calculate Rectangle Area", "06. Calculate Rectangle Area\06. Calculate Rectangle Area.csproj", "{6A837E57-FA0F-49D2-986D-C41CDC463726}"
EndProject
Project("{FAE04EC0-301F-11D3-BF4B-00C04F79EFBC}") = "07. Repeat String", "07. Repeat String\07. Repeat String.csproj", "{CF9FCFB0-BC63-46EC-A8C7-B6D782AD45BB}"
EndProject
Project("{FAE04EC0-301F-11D3-BF4B-00C04F79EFBC}") = "08. Math Power", "08. Math Power\08. Math Power.csproj", "{F99CECC3-C8B9-4325-B9F5-CD2A62BA6A4E}"
EndProject
Project("{FAE04EC0-301F-11D3-BF4B-00C04F79EFBC}") = "09. Greater of Two Values", "09. Greater of Two Values\09. Greater of Two Values.csproj", "{1996E3CD-3527-4DFD-95FD-B5DBE1D7D0E1}"
EndProject
Project("{FAE04EC0-301F-11D3-BF4B-00C04F79EFBC}") = "10. Multiply Evens by Odds", "10. Multiply Evens by Odds\10. Multiply Evens by Odds.csproj", "{71E9A976-442F-47E5-B881-D7C5CBC41F37}"
EndProject
Project("{FAE04EC0-301F-11D3-BF4B-00C04F79EFBC}") = "11. Math operations", "11. Math operations\11. Math operations.csproj", "{94FAA0EB-FB60-4C3A-B94A-A0209A12BC70}"
EndProject
Global
	GlobalSection(SolutionConfigurationPlatforms) = preSolution
		Debug|Any CPU = Debug|Any CPU
		Release|Any CPU = Release|Any CPU
	EndGlobalSection
	GlobalSection(ProjectConfigurationPlatforms) = postSolution
		{C29BE72F-9D22-4A50-8D0B-910DEE259F38}.Debug|Any CPU.ActiveCfg = Debug|Any CPU
		{C29BE72F-9D22-4A50-8D0B-910DEE259F38}.Debug|Any CPU.Build.0 = Debug|Any CPU
		{C29BE72F-9D22-4A50-8D0B-910DEE259F38}.Release|Any CPU.ActiveCfg = Release|Any CPU
		{C29BE72F-9D22-4A50-8D0B-910DEE259F38}.Release|Any CPU.Build.0 = Release|Any CPU
		{F788C9AB-AB40-47FD-A373-20F95C622390}.Debug|Any CPU.ActiveCfg = Debug|Any CPU
		{F788C9AB-AB40-47FD-A373-20F95C622390}.Debug|Any CPU.Build.0 = Debug|Any CPU
		{F788C9AB-AB40-47FD-A373-20F95C622390}.Release|Any CPU.ActiveCfg = Release|Any CPU
		{F788C9AB-AB40-47FD-A373-20F95C622390}.Release|Any CPU.Build.0 = Release|Any CPU
		{C95E27F0-FE30-4C60-AAE5-AF2D188A323F}.Debug|Any CPU.ActiveCfg = Debug|Any CPU
		{C95E27F0-FE30-4C60-AAE5-AF2D188A323F}.Debug|Any CPU.Build.0 = Debug|Any CPU
		{C95E27F0-FE30-4C60-AAE5-AF2D188A323F}.Release|Any CPU.ActiveCfg = Release|Any CPU
		{C95E27F0-FE30-4C60-AAE5-AF2D188A323F}.Release|Any CPU.Build.0 = Release|Any CPU
		{7F6B472A-4942-4592-BF36-56CCD2B08261}.Debug|Any CPU.ActiveCfg = Debug|Any CPU
		{7F6B472A-4942-4592-BF36-56CCD2B08261}.Debug|Any CPU.Build.0 = Debug|Any CPU
		{7F6B472A-4942-4592-BF36-56CCD2B08261}.Release|Any CPU.ActiveCfg = Release|Any CPU
		{7F6B472A-4942-4592-BF36-56CCD2B08261}.Release|Any CPU.Build.0 = Release|Any CPU
		{7EA528D2-A976-4873-B719-D0EF6D7AD63A}.Debug|Any CPU.ActiveCfg = Debug|Any CPU
		{7EA528D2-A976-4873-B719-D0EF6D7AD63A}.Debug|Any CPU.Build.0 = Debug|Any CPU
		{7EA528D2-A976-4873-B719-D0EF6D7AD63A}.Release|Any CPU.ActiveCfg = Release|Any CPU
		{7EA528D2-A976-4873-B719-D0EF6D7AD63A}.Release|Any CPU.Build.0 = Release|Any CPU
		{5D601847-E8AE-480B-ACF9-C5349B2C0078}.Debug|Any CPU.ActiveCfg = Debug|Any CPU
		{5D601847-E8AE-480B-ACF9-C5349B2C0078}.Debug|Any CPU.Build.0 = Debug|Any CPU
		{5D601847-E8AE-480B-ACF9-C5349B2C0078}.Release|Any CPU.ActiveCfg = Release|Any CPU
		{5D601847-E8AE-480B-ACF9-C5349B2C0078}.Release|Any CPU.Build.0 = Release|Any CPU
		{6A837E57-FA0F-49D2-986D-C41CDC463726}.Debug|Any CPU.ActiveCfg = Debug|Any CPU
		{6A837E57-FA0F-49D2-986D-C41CDC463726}.Debug|Any CPU.Build.0 = Debug|Any CPU
		{6A837E57-FA0F-49D2-986D-C41CDC463726}.Release|Any CPU.ActiveCfg = Release|Any CPU
		{6A837E57-FA0F-49D2-986D-C41CDC463726}.Release|Any CPU.Build.0 = Release|Any CPU
		{CF9FCFB0-BC63-46EC-A8C7-B6D782AD45BB}.Debug|Any CPU.ActiveCfg = Debug|Any CPU
		{CF9FCFB0-BC63-46EC-A8C7-B6D782AD45BB}.Debug|Any CPU.Build.0 = Debug|Any CPU
		{CF9FCFB0-BC63-46EC-A8C7-B6D782AD45BB}.Release|Any CPU.ActiveCfg = Release|Any CPU
		{CF9FCFB0-BC63-46EC-A8C7-B6D782AD45BB}.Release|Any CPU.Build.0 = Release|Any CPU
		{F99CECC3-C8B9-4325-B9F5-CD2A62BA6A4E}.Debug|Any CPU.ActiveCfg = Debug|Any CPU
		{F99CECC3-C8B9-4325-B9F5-CD2A62BA6A4E}.Debug|Any CPU.Build.0 = Debug|Any CPU
		{F99CECC3-C8B9-4325-B9F5-CD2A62BA6A4E}.Release|Any CPU.ActiveCfg = Release|Any CPU
		{F99CECC3-C8B9-4325-B9F5-CD2A62BA6A4E}.Release|Any CPU.Build.0 = Release|Any CPU
		{1996E3CD-3527-4DFD-95FD-B5DBE1D7D0E1}.Debug|Any CPU.ActiveCfg = Debug|Any CPU
		{1996E3CD-3527-4DFD-95FD-B5DBE1D7D0E1}.Debug|Any CPU.Build.0 = Debug|Any CPU
		{1996E3CD-3527-4DFD-95FD-B5DBE1D7D0E1}.Release|Any CPU.ActiveCfg = Release|Any CPU
		{1996E3CD-3527-4DFD-95FD-B5DBE1D7D0E1}.Release|Any CPU.Build.0 = Release|Any CPU
		{71E9A976-442F-47E5-B881-D7C5CBC41F37}.Debug|Any CPU.ActiveCfg = Debug|Any CPU
		{71E9A976-442F-47E5-B881-D7C5CBC41F37}.Debug|Any CPU.Build.0 = Debug|Any CPU
		{71E9A976-442F-47E5-B881-D7C5CBC41F37}.Release|Any CPU.ActiveCfg = Release|Any CPU
		{71E9A976-442F-47E5-B881-D7C5CBC41F37}.Release|Any CPU.Build.0 = Release|Any CPU
		{94FAA0EB-FB60-4C3A-B94A-A0209A12BC70}.Debug|Any CPU.ActiveCfg = Debug|Any CPU
		{94FAA0EB-FB60-4C3A-B94A-A0209A12BC70}.Debug|Any CPU.Build.0 = Debug|Any CPU
		{94FAA0EB-FB60-4C3A-B94A-A0209A12BC70}.Release|Any CPU.ActiveCfg = Release|Any CPU
		{94FAA0EB-FB60-4C3A-B94A-A0209A12BC70}.Release|Any CPU.Build.0 = Release|Any CPU
	EndGlobalSection
	GlobalSection(SolutionProperties) = preSolution
		HideSolutionNode = FALSE
	EndGlobalSection
	GlobalSection(ExtensibilityGlobals) = postSolution
		SolutionGuid = {C737A4DA-BD54-49E3-847C-A95F08B34A25}
	EndGlobalSection
EndGlobal
